
Microsoft Visual Studio Solution File, Format Version 12.00
# Visual Studio 15
VisualStudioVersion = 15.0.26730.12
MinimumVisualStudioVersion = 10.0.40219.1
Project("{FAE04EC0-301F-11D3-BF4B-00C04F79EFBC}") = "RealmXamarinExperiment", "RealmXamarinExperiment\RealmXamarinExperiment\RealmXamarinExperiment.csproj", "{7AC0FB69-FFA2-4DB2-A585-52CAEDC4802C}"
EndProject
Project("{FAE04EC0-301F-11D3-BF4B-00C04F79EFBC}") = "RealmXamarinExperiment.Droid", "RealmXamarinExperiment\RealmXamarinExperiment.Droid\RealmXamarinExperiment.Droid.csproj", "{5954D99E-F98B-4AFA-8381-F0393B7803DF}"
EndProject
Project("{FAE04EC0-301F-11D3-BF4B-00C04F79EFBC}") = "RealmXamarinExperiment.iOS", "RealmXamarinExperiment\RealmXamarinExperiment.iOS\RealmXamarinExperiment.iOS.csproj", "{CFC2FF80-6537-43D8-8399-174B795A4521}"
EndProject
Project("{FAE04EC0-301F-11D3-BF4B-00C04F79EFBC}") = "RealmXamarinExperiment.UWP", "RealmXamarinExperiment\RealmXamarinExperiment.UWP\RealmXamarinExperiment.UWP.csproj", "{C6E5B861-578E-486B-8C73-E3C445F8B3F2}"
EndProject
Global
	GlobalSection(SolutionConfigurationPlatforms) = preSolution
		Ad-Hoc|Any CPU = Ad-Hoc|Any CPU
		Ad-Hoc|ARM = Ad-Hoc|ARM
		Ad-Hoc|iPhone = Ad-Hoc|iPhone
		Ad-Hoc|iPhoneSimulator = Ad-Hoc|iPhoneSimulator
		Ad-Hoc|x64 = Ad-Hoc|x64
		Ad-Hoc|x86 = Ad-Hoc|x86
		AppStore|Any CPU = AppStore|Any CPU
		AppStore|ARM = AppStore|ARM
		AppStore|iPhone = AppStore|iPhone
		AppStore|iPhoneSimulator = AppStore|iPhoneSimulator
		AppStore|x64 = AppStore|x64
		AppStore|x86 = AppStore|x86
		Debug|Any CPU = Debug|Any CPU
		Debug|ARM = Debug|ARM
		Debug|iPhone = Debug|iPhone
		Debug|iPhoneSimulator = Debug|iPhoneSimulator
		Debug|x64 = Debug|x64
		Debug|x86 = Debug|x86
		Release|Any CPU = Release|Any CPU
		Release|ARM = Release|ARM
		Release|iPhone = Release|iPhone
		Release|iPhoneSimulator = Release|iPhoneSimulator
		Release|x64 = Release|x64
		Release|x86 = Release|x86
	EndGlobalSection
	GlobalSection(ProjectConfigurationPlatforms) = postSolution
		{7AC0FB69-FFA2-4DB2-A585-52CAEDC4802C}.Ad-Hoc|Any CPU.ActiveCfg = Release|Any CPU
		{7AC0FB69-FFA2-4DB2-A585-52CAEDC4802C}.Ad-Hoc|Any CPU.Build.0 = Release|Any CPU
		{7AC0FB69-FFA2-4DB2-A585-52CAEDC4802C}.Ad-Hoc|ARM.ActiveCfg = Release|Any CPU
		{7AC0FB69-FFA2-4DB2-A585-52CAEDC4802C}.Ad-Hoc|ARM.Build.0 = Release|Any CPU
		{7AC0FB69-FFA2-4DB2-A585-52CAEDC4802C}.Ad-Hoc|iPhone.ActiveCfg = Release|Any CPU
		{7AC0FB69-FFA2-4DB2-A585-52CAEDC4802C}.Ad-Hoc|iPhone.Build.0 = Release|Any CPU
		{7AC0FB69-FFA2-4DB2-A585-52CAEDC4802C}.Ad-Hoc|iPhoneSimulator.ActiveCfg = Release|Any CPU
		{7AC0FB69-FFA2-4DB2-A585-52CAEDC4802C}.Ad-Hoc|iPhoneSimulator.Build.0 = Release|Any CPU
		{7AC0FB69-FFA2-4DB2-A585-52CAEDC4802C}.Ad-Hoc|x64.ActiveCfg = Release|Any CPU
		{7AC0FB69-FFA2-4DB2-A585-52CAEDC4802C}.Ad-Hoc|x64.Build.0 = Release|Any CPU
		{7AC0FB69-FFA2-4DB2-A585-52CAEDC4802C}.Ad-Hoc|x86.ActiveCfg = Release|Any CPU
		{7AC0FB69-FFA2-4DB2-A585-52CAEDC4802C}.Ad-Hoc|x86.Build.0 = Release|Any CPU
		{7AC0FB69-FFA2-4DB2-A585-52CAEDC4802C}.AppStore|Any CPU.ActiveCfg = Release|Any CPU
		{7AC0FB69-FFA2-4DB2-A585-52CAEDC4802C}.AppStore|Any CPU.Build.0 = Release|Any CPU
		{7AC0FB69-FFA2-4DB2-A585-52CAEDC4802C}.AppStore|ARM.ActiveCfg = Release|Any CPU
		{7AC0FB69-FFA2-4DB2-A585-52CAEDC4802C}.AppStore|ARM.Build.0 = Release|Any CPU
		{7AC0FB69-FFA2-4DB2-A585-52CAEDC4802C}.AppStore|iPhone.ActiveCfg = Release|Any CPU
		{7AC0FB69-FFA2-4DB2-A585-52CAEDC4802C}.AppStore|iPhone.Build.0 = Release|Any CPU
		{7AC0FB69-FFA2-4DB2-A585-52CAEDC4802C}.AppStore|iPhoneSimulator.ActiveCfg = Release|Any CPU
		{7AC0FB69-FFA2-4DB2-A585-52CAEDC4802C}.AppStore|iPhoneSimulator.Build.0 = Release|Any CPU
		{7AC0FB69-FFA2-4DB2-A585-52CAEDC4802C}.AppStore|x64.ActiveCfg = Release|Any CPU
		{7AC0FB69-FFA2-4DB2-A585-52CAEDC4802C}.AppStore|x64.Build.0 = Release|Any CPU
		{7AC0FB69-FFA2-4DB2-A585-52CAEDC4802C}.AppStore|x86.ActiveCfg = Release|Any CPU
		{7AC0FB69-FFA2-4DB2-A585-52CAEDC4802C}.AppStore|x86.Build.0 = Release|Any CPU
		{7AC0FB69-FFA2-4DB2-A585-52CAEDC4802C}.Debug|Any CPU.ActiveCfg = Debug|Any CPU
		{7AC0FB69-FFA2-4DB2-A585-52CAEDC4802C}.Debug|Any CPU.Build.0 = Debug|Any CPU
		{7AC0FB69-FFA2-4DB2-A585-52CAEDC4802C}.Debug|ARM.ActiveCfg = Debug|Any CPU
		{7AC0FB69-FFA2-4DB2-A585-52CAEDC4802C}.Debug|ARM.Build.0 = Debug|Any CPU
		{7AC0FB69-FFA2-4DB2-A585-52CAEDC4802C}.Debug|iPhone.ActiveCfg = Debug|Any CPU
		{7AC0FB69-FFA2-4DB2-A585-52CAEDC4802C}.Debug|iPhone.Build.0 = Debug|Any CPU
		{7AC0FB69-FFA2-4DB2-A585-52CAEDC4802C}.Debug|iPhoneSimulator.ActiveCfg = Debug|Any CPU
		{7AC0FB69-FFA2-4DB2-A585-52CAEDC4802C}.Debug|iPhoneSimulator.Build.0 = Debug|Any CPU
		{7AC0FB69-FFA2-4DB2-A585-52CAEDC4802C}.Debug|x64.ActiveCfg = Debug|Any CPU
		{7AC0FB69-FFA2-4DB2-A585-52CAEDC4802C}.Debug|x64.Build.0 = Debug|Any CPU
		{7AC0FB69-FFA2-4DB2-A585-52CAEDC4802C}.Debug|x86.ActiveCfg = Debug|Any CPU
		{7AC0FB69-FFA2-4DB2-A585-52CAEDC4802C}.Debug|x86.Build.0 = Debug|Any CPU
		{7AC0FB69-FFA2-4DB2-A585-52CAEDC4802C}.Release|Any CPU.ActiveCfg = Release|Any CPU
		{7AC0FB69-FFA2-4DB2-A585-52CAEDC4802C}.Release|Any CPU.Build.0 = Release|Any CPU
		{7AC0FB69-FFA2-4DB2-A585-52CAEDC4802C}.Release|ARM.ActiveCfg = Release|Any CPU
		{7AC0FB69-FFA2-4DB2-A585-52CAEDC4802C}.Release|ARM.Build.0 = Release|Any CPU
		{7AC0FB69-FFA2-4DB2-A585-52CAEDC4802C}.Release|iPhone.ActiveCfg = Release|Any CPU
		{7AC0FB69-FFA2-4DB2-A585-52CAEDC4802C}.Release|iPhone.Build.0 = Release|Any CPU
		{7AC0FB69-FFA2-4DB2-A585-52CAEDC4802C}.Release|iPhoneSimulator.ActiveCfg = Release|Any CPU
		{7AC0FB69-FFA2-4DB2-A585-52CAEDC4802C}.Release|iPhoneSimulator.Build.0 = Release|Any CPU
		{7AC0FB69-FFA2-4DB2-A585-52CAEDC4802C}.Release|x64.ActiveCfg = Release|Any CPU
		{7AC0FB69-FFA2-4DB2-A585-52CAEDC4802C}.Release|x64.Build.0 = Release|Any CPU
		{7AC0FB69-FFA2-4DB2-A585-52CAEDC4802C}.Release|x86.ActiveCfg = Release|Any CPU
		{7AC0FB69-FFA2-4DB2-A585-52CAEDC4802C}.Release|x86.Build.0 = Release|Any CPU
		{5954D99E-F98B-4AFA-8381-F0393B7803DF}.Ad-Hoc|Any CPU.ActiveCfg = Release|Any CPU
		{5954D99E-F98B-4AFA-8381-F0393B7803DF}.Ad-Hoc|Any CPU.Build.0 = Release|Any CPU
		{5954D99E-F98B-4AFA-8381-F0393B7803DF}.Ad-Hoc|Any CPU.Deploy.0 = Release|Any CPU
		{5954D99E-F98B-4AFA-8381-F0393B7803DF}.Ad-Hoc|ARM.ActiveCfg = Release|Any CPU
		{5954D99E-F98B-4AFA-8381-F0393B7803DF}.Ad-Hoc|ARM.Build.0 = Release|Any CPU
		{5954D99E-F98B-4AFA-8381-F0393B7803DF}.Ad-Hoc|ARM.Deploy.0 = Release|Any CPU
		{5954D99E-F98B-4AFA-8381-F0393B7803DF}.Ad-Hoc|iPhone.ActiveCfg = Release|Any CPU
		{5954D99E-F98B-4AFA-8381-F0393B7803DF}.Ad-Hoc|iPhone.Build.0 = Release|Any CPU
		{5954D99E-F98B-4AFA-8381-F0393B7803DF}.Ad-Hoc|iPhone.Deploy.0 = Release|Any CPU
		{5954D99E-F98B-4AFA-8381-F0393B7803DF}.Ad-Hoc|iPhoneSimulator.ActiveCfg = Release|Any CPU
		{5954D99E-F98B-4AFA-8381-F0393B7803DF}.Ad-Hoc|iPhoneSimulator.Build.0 = Release|Any CPU
		{5954D99E-F98B-4AFA-8381-F0393B7803DF}.Ad-Hoc|iPhoneSimulator.Deploy.0 = Release|Any CPU
		{5954D99E-F98B-4AFA-8381-F0393B7803DF}.Ad-Hoc|x64.ActiveCfg = Release|Any CPU
		{5954D99E-F98B-4AFA-8381-F0393B7803DF}.Ad-Hoc|x64.Build.0 = Release|Any CPU
		{5954D99E-F98B-4AFA-8381-F0393B7803DF}.Ad-Hoc|x64.Deploy.0 = Release|Any CPU
		{5954D99E-F98B-4AFA-8381-F0393B7803DF}.Ad-Hoc|x86.ActiveCfg = Release|Any CPU
		{5954D99E-F98B-4AFA-8381-F0393B7803DF}.Ad-Hoc|x86.Build.0 = Release|Any CPU
		{5954D99E-F98B-4AFA-8381-F0393B7803DF}.Ad-Hoc|x86.Deploy.0 = Release|Any CPU
		{5954D99E-F98B-4AFA-8381-F0393B7803DF}.AppStore|Any CPU.ActiveCfg = Release|Any CPU
		{5954D99E-F98B-4AFA-8381-F0393B7803DF}.AppStore|Any CPU.Build.0 = Release|Any CPU
		{5954D99E-F98B-4AFA-8381-F0393B7803DF}.AppStore|Any CPU.Deploy.0 = Release|Any CPU
		{5954D99E-F98B-4AFA-8381-F0393B7803DF}.AppStore|ARM.ActiveCfg = Release|Any CPU
		{5954D99E-F98B-4AFA-8381-F0393B7803DF}.AppStore|ARM.Build.0 = Release|Any CPU
		{5954D99E-F98B-4AFA-8381-F0393B7803DF}.AppStore|ARM.Deploy.0 = Release|Any CPU
		{5954D99E-F98B-4AFA-8381-F0393B7803DF}.AppStore|iPhone.ActiveCfg = Release|Any CPU
		{5954D99E-F98B-4AFA-8381-F0393B7803DF}.AppStore|iPhone.Build.0 = Release|Any CPU
		{5954D99E-F98B-4AFA-8381-F0393B7803DF}.AppStore|iPhone.Deploy.0 = Release|Any CPU
		{5954D99E-F98B-4AFA-8381-F0393B7803DF}.AppStore|iPhoneSimulator.ActiveCfg = Release|Any CPU
		{5954D99E-F98B-4AFA-8381-F0393B7803DF}.AppStore|iPhoneSimulator.Build.0 = Release|Any CPU
		{5954D99E-F98B-4AFA-8381-F0393B7803DF}.AppStore|iPhoneSimulator.Deploy.0 = Release|Any CPU
		{5954D99E-F98B-4AFA-8381-F0393B7803DF}.AppStore|x64.ActiveCfg = Release|Any CPU
		{5954D99E-F98B-4AFA-8381-F0393B7803DF}.AppStore|x64.Build.0 = Release|Any CPU
		{5954D99E-F98B-4AFA-8381-F0393B7803DF}.AppStore|x64.Deploy.0 = Release|Any CPU
		{5954D99E-F98B-4AFA-8381-F0393B7803DF}.AppStore|x86.ActiveCfg = Release|Any CPU
		{5954D99E-F98B-4AFA-8381-F0393B7803DF}.AppStore|x86.Build.0 = Release|Any CPU
		{5954D99E-F98B-4AFA-8381-F0393B7803DF}.AppStore|x86.Deploy.0 = Release|Any CPU
		{5954D99E-F98B-4AFA-8381-F0393B7803DF}.Debug|Any CPU.ActiveCfg = Debug|Any CPU
		{5954D99E-F98B-4AFA-8381-F0393B7803DF}.Debug|Any CPU.Build.0 = Debug|Any CPU
		{5954D99E-F98B-4AFA-8381-F0393B7803DF}.Debug|Any CPU.Deploy.0 = Debug|Any CPU
		{5954D99E-F98B-4AFA-8381-F0393B7803DF}.Debug|ARM.ActiveCfg = Debug|Any CPU
		{5954D99E-F98B-4AFA-8381-F0393B7803DF}.Debug|ARM.Build.0 = Debug|Any CPU
		{5954D99E-F98B-4AFA-8381-F0393B7803DF}.Debug|ARM.Deploy.0 = Debug|Any CPU
		{5954D99E-F98B-4AFA-8381-F0393B7803DF}.Debug|iPhone.ActiveCfg = Debug|Any CPU
		{5954D99E-F98B-4AFA-8381-F0393B7803DF}.Debug|iPhone.Build.0 = Debug|Any CPU
		{5954D99E-F98B-4AFA-8381-F0393B7803DF}.Debug|iPhone.Deploy.0 = Debug|Any CPU
		{5954D99E-F98B-4AFA-8381-F0393B7803DF}.Debug|iPhoneSimulator.ActiveCfg = Debug|Any CPU
		{5954D99E-F98B-4AFA-8381-F0393B7803DF}.Debug|iPhoneSimulator.Build.0 = Debug|Any CPU
		{5954D99E-F98B-4AFA-8381-F0393B7803DF}.Debug|iPhoneSimulator.Deploy.0 = Debug|Any CPU
		{5954D99E-F98B-4AFA-8381-F0393B7803DF}.Debug|x64.ActiveCfg = Debug|Any CPU
		{5954D99E-F98B-4AFA-8381-F0393B7803DF}.Debug|x64.Build.0 = Debug|Any CPU
		{5954D99E-F98B-4AFA-8381-F0393B7803DF}.Debug|x64.Deploy.0 = Debug|Any CPU
		{5954D99E-F98B-4AFA-8381-F0393B7803DF}.Debug|x86.ActiveCfg = Debug|Any CPU
		{5954D99E-F98B-4AFA-8381-F0393B7803DF}.Debug|x86.Build.0 = Debug|Any CPU
		{5954D99E-F98B-4AFA-8381-F0393B7803DF}.Debug|x86.Deploy.0 = Debug|Any CPU
		{5954D99E-F98B-4AFA-8381-F0393B7803DF}.Release|Any CPU.ActiveCfg = Release|Any CPU
		{5954D99E-F98B-4AFA-8381-F0393B7803DF}.Release|Any CPU.Build.0 = Release|Any CPU
		{5954D99E-F98B-4AFA-8381-F0393B7803DF}.Release|Any CPU.Deploy.0 = Release|Any CPU
		{5954D99E-F98B-4AFA-8381-F0393B7803DF}.Release|ARM.ActiveCfg = Release|Any CPU
		{5954D99E-F98B-4AFA-8381-F0393B7803DF}.Release|ARM.Build.0 = Release|Any CPU
		{5954D99E-F98B-4AFA-8381-F0393B7803DF}.Release|ARM.Deploy.0 = Release|Any CPU
		{5954D99E-F98B-4AFA-8381-F0393B7803DF}.Release|iPhone.ActiveCfg = Release|Any CPU
		{5954D99E-F98B-4AFA-8381-F0393B7803DF}.Release|iPhone.Build.0 = Release|Any CPU
		{5954D99E-F98B-4AFA-8381-F0393B7803DF}.Release|iPhone.Deploy.0 = Release|Any CPU
		{5954D99E-F98B-4AFA-8381-F0393B7803DF}.Release|iPhoneSimulator.ActiveCfg = Release|Any CPU
		{5954D99E-F98B-4AFA-8381-F0393B7803DF}.Release|iPhoneSimulator.Build.0 = Release|Any CPU
		{5954D99E-F98B-4AFA-8381-F0393B7803DF}.Release|iPhoneSimulator.Deploy.0 = Release|Any CPU
		{5954D99E-F98B-4AFA-8381-F0393B7803DF}.Release|x64.ActiveCfg = Release|Any CPU
		{5954D99E-F98B-4AFA-8381-F0393B7803DF}.Release|x64.Build.0 = Release|Any CPU
		{5954D99E-F98B-4AFA-8381-F0393B7803DF}.Release|x64.Deploy.0 = Release|Any CPU
		{5954D99E-F98B-4AFA-8381-F0393B7803DF}.Release|x86.ActiveCfg = Release|Any CPU
		{5954D99E-F98B-4AFA-8381-F0393B7803DF}.Release|x86.Build.0 = Release|Any CPU
		{5954D99E-F98B-4AFA-8381-F0393B7803DF}.Release|x86.Deploy.0 = Release|Any CPU
		{CFC2FF80-6537-43D8-8399-174B795A4521}.Ad-Hoc|Any CPU.ActiveCfg = Ad-Hoc|iPhone
		{CFC2FF80-6537-43D8-8399-174B795A4521}.Ad-Hoc|ARM.ActiveCfg = Ad-Hoc|iPhone
		{CFC2FF80-6537-43D8-8399-174B795A4521}.Ad-Hoc|iPhone.ActiveCfg = Ad-Hoc|iPhone
		{CFC2FF80-6537-43D8-8399-174B795A4521}.Ad-Hoc|iPhone.Build.0 = Ad-Hoc|iPhone
		{CFC2FF80-6537-43D8-8399-174B795A4521}.Ad-Hoc|iPhoneSimulator.ActiveCfg = Ad-Hoc|iPhoneSimulator
		{CFC2FF80-6537-43D8-8399-174B795A4521}.Ad-Hoc|iPhoneSimulator.Build.0 = Ad-Hoc|iPhoneSimulator
		{CFC2FF80-6537-43D8-8399-174B795A4521}.Ad-Hoc|x64.ActiveCfg = Ad-Hoc|iPhone
		{CFC2FF80-6537-43D8-8399-174B795A4521}.Ad-Hoc|x86.ActiveCfg = Ad-Hoc|iPhone
		{CFC2FF80-6537-43D8-8399-174B795A4521}.AppStore|Any CPU.ActiveCfg = AppStore|iPhone
		{CFC2FF80-6537-43D8-8399-174B795A4521}.AppStore|ARM.ActiveCfg = AppStore|iPhone
		{CFC2FF80-6537-43D8-8399-174B795A4521}.AppStore|iPhone.ActiveCfg = AppStore|iPhone
		{CFC2FF80-6537-43D8-8399-174B795A4521}.AppStore|iPhone.Build.0 = AppStore|iPhone
		{CFC2FF80-6537-43D8-8399-174B795A4521}.AppStore|iPhoneSimulator.ActiveCfg = AppStore|iPhoneSimulator
		{CFC2FF80-6537-43D8-8399-174B795A4521}.AppStore|iPhoneSimulator.Build.0 = AppStore|iPhoneSimulator
		{CFC2FF80-6537-43D8-8399-174B795A4521}.AppStore|x64.ActiveCfg = AppStore|iPhone
		{CFC2FF80-6537-43D8-8399-174B795A4521}.AppStore|x86.ActiveCfg = AppStore|iPhone
		{CFC2FF80-6537-43D8-8399-174B795A4521}.Debug|Any CPU.ActiveCfg = Debug|iPhone
		{CFC2FF80-6537-43D8-8399-174B795A4521}.Debug|ARM.ActiveCfg = Debug|iPhone
		{CFC2FF80-6537-43D8-8399-174B795A4521}.Debug|iPhone.ActiveCfg = Debug|iPhone
		{CFC2FF80-6537-43D8-8399-174B795A4521}.Debug|iPhone.Build.0 = Debug|iPhone
		{CFC2FF80-6537-43D8-8399-174B795A4521}.Debug|iPhoneSimulator.ActiveCfg = Debug|iPhoneSimulator
		{CFC2FF80-6537-43D8-8399-174B795A4521}.Debug|iPhoneSimulator.Build.0 = Debug|iPhoneSimulator
		{CFC2FF80-6537-43D8-8399-174B795A4521}.Debug|x64.ActiveCfg = Debug|iPhone
		{CFC2FF80-6537-43D8-8399-174B795A4521}.Debug|x86.ActiveCfg = Debug|iPhone
		{CFC2FF80-6537-43D8-8399-174B795A4521}.Release|Any CPU.ActiveCfg = Release|iPhone
		{CFC2FF80-6537-43D8-8399-174B795A4521}.Release|ARM.ActiveCfg = Release|iPhone
		{CFC2FF80-6537-43D8-8399-174B795A4521}.Release|iPhone.ActiveCfg = Release|iPhone
		{CFC2FF80-6537-43D8-8399-174B795A4521}.Release|iPhone.Build.0 = Release|iPhone
		{CFC2FF80-6537-43D8-8399-174B795A4521}.Release|iPhoneSimulator.ActiveCfg = Release|iPhoneSimulator
		{CFC2FF80-6537-43D8-8399-174B795A4521}.Release|iPhoneSimulator.Build.0 = Release|iPhoneSimulator
		{CFC2FF80-6537-43D8-8399-174B795A4521}.Release|x64.ActiveCfg = Release|iPhone
		{CFC2FF80-6537-43D8-8399-174B795A4521}.Release|x86.ActiveCfg = Release|iPhone
		{C6E5B861-578E-486B-8C73-E3C445F8B3F2}.Ad-Hoc|Any CPU.ActiveCfg = Release|x86
		{C6E5B861-578E-486B-8C73-E3C445F8B3F2}.Ad-Hoc|Any CPU.Build.0 = Release|x86
		{C6E5B861-578E-486B-8C73-E3C445F8B3F2}.Ad-Hoc|Any CPU.Deploy.0 = Release|x86
		{C6E5B861-578E-486B-8C73-E3C445F8B3F2}.Ad-Hoc|ARM.ActiveCfg = Release|ARM
		{C6E5B861-578E-486B-8C73-E3C445F8B3F2}.Ad-Hoc|ARM.Build.0 = Release|ARM
		{C6E5B861-578E-486B-8C73-E3C445F8B3F2}.Ad-Hoc|ARM.Deploy.0 = Release|ARM
		{C6E5B861-578E-486B-8C73-E3C445F8B3F2}.Ad-Hoc|iPhone.ActiveCfg = Release|x86
		{C6E5B861-578E-486B-8C73-E3C445F8B3F2}.Ad-Hoc|iPhone.Build.0 = Release|x86
		{C6E5B861-578E-486B-8C73-E3C445F8B3F2}.Ad-Hoc|iPhone.Deploy.0 = Release|x86
		{C6E5B861-578E-486B-8C73-E3C445F8B3F2}.Ad-Hoc|iPhoneSimulator.ActiveCfg = Release|x86
		{C6E5B861-578E-486B-8C73-E3C445F8B3F2}.Ad-Hoc|iPhoneSimulator.Build.0 = Release|x86
		{C6E5B861-578E-486B-8C73-E3C445F8B3F2}.Ad-Hoc|iPhoneSimulator.Deploy.0 = Release|x86
		{C6E5B861-578E-486B-8C73-E3C445F8B3F2}.Ad-Hoc|x64.ActiveCfg = Release|x64
		{C6E5B861-578E-486B-8C73-E3C445F8B3F2}.Ad-Hoc|x64.Build.0 = Release|x64
		{C6E5B861-578E-486B-8C73-E3C445F8B3F2}.Ad-Hoc|x64.Deploy.0 = Release|x64
		{C6E5B861-578E-486B-8C73-E3C445F8B3F2}.Ad-Hoc|x86.ActiveCfg = Release|x86
		{C6E5B861-578E-486B-8C73-E3C445F8B3F2}.Ad-Hoc|x86.Build.0 = Release|x86
		{C6E5B861-578E-486B-8C73-E3C445F8B3F2}.Ad-Hoc|x86.Deploy.0 = Release|x86
		{C6E5B861-578E-486B-8C73-E3C445F8B3F2}.AppStore|Any CPU.ActiveCfg = Release|x86
		{C6E5B861-578E-486B-8C73-E3C445F8B3F2}.AppStore|Any CPU.Build.0 = Release|x86
		{C6E5B861-578E-486B-8C73-E3C445F8B3F2}.AppStore|Any CPU.Deploy.0 = Release|x86
		{C6E5B861-578E-486B-8C73-E3C445F8B3F2}.AppStore|ARM.ActiveCfg = Release|ARM
		{C6E5B861-578E-486B-8C73-E3C445F8B3F2}.AppStore|ARM.Build.0 = Release|ARM
		{C6E5B861-578E-486B-8C73-E3C445F8B3F2}.AppStore|ARM.Deploy.0 = Release|ARM
		{C6E5B861-578E-486B-8C73-E3C445F8B3F2}.AppStore|iPhone.ActiveCfg = Release|x86
		{C6E5B861-578E-486B-8C73-E3C445F8B3F2}.AppStore|iPhone.Build.0 = Release|x86
		{C6E5B861-578E-486B-8C73-E3C445F8B3F2}.AppStore|iPhone.Deploy.0 = Release|x86
		{C6E5B861-578E-486B-8C73-E3C445F8B3F2}.AppStore|iPhoneSimulator.ActiveCfg = Release|x86
		{C6E5B861-578E-486B-8C73-E3C445F8B3F2}.AppStore|iPhoneSimulator.Build.0 = Release|x86
		{C6E5B861-578E-486B-8C73-E3C445F8B3F2}.AppStore|iPhoneSimulator.Deploy.0 = Release|x86
		{C6E5B861-578E-486B-8C73-E3C445F8B3F2}.AppStore|x64.ActiveCfg = Release|x64
		{C6E5B861-578E-486B-8C73-E3C445F8B3F2}.AppStore|x64.Build.0 = Release|x64
		{C6E5B861-578E-486B-8C73-E3C445F8B3F2}.AppStore|x64.Deploy.0 = Release|x64
		{C6E5B861-578E-486B-8C73-E3C445F8B3F2}.AppStore|x86.ActiveCfg = Release|x86
		{C6E5B861-578E-486B-8C73-E3C445F8B3F2}.AppStore|x86.Build.0 = Release|x86
		{C6E5B861-578E-486B-8C73-E3C445F8B3F2}.AppStore|x86.Deploy.0 = Release|x86
		{C6E5B861-578E-486B-8C73-E3C445F8B3F2}.Debug|Any CPU.ActiveCfg = Debug|x86
		{C6E5B861-578E-486B-8C73-E3C445F8B3F2}.Debug|ARM.ActiveCfg = Debug|ARM
		{C6E5B861-578E-486B-8C73-E3C445F8B3F2}.Debug|ARM.Build.0 = Debug|ARM
		{C6E5B861-578E-486B-8C73-E3C445F8B3F2}.Debug|ARM.Deploy.0 = Debug|ARM
		{C6E5B861-578E-486B-8C73-E3C445F8B3F2}.Debug|iPhone.ActiveCfg = Debug|x86
		{C6E5B861-578E-486B-8C73-E3C445F8B3F2}.Debug|iPhoneSimulator.ActiveCfg = Debug|x86
		{C6E5B861-578E-486B-8C73-E3C445F8B3F2}.Debug|x64.ActiveCfg = Debug|x64
		{C6E5B861-578E-486B-8C73-E3C445F8B3F2}.Debug|x64.Build.0 = Debug|x64
		{C6E5B861-578E-486B-8C73-E3C445F8B3F2}.Debug|x64.Deploy.0 = Debug|x64
		{C6E5B861-578E-486B-8C73-E3C445F8B3F2}.Debug|x86.ActiveCfg = Debug|x86
		{C6E5B861-578E-486B-8C73-E3C445F8B3F2}.Debug|x86.Build.0 = Debug|x86
		{C6E5B861-578E-486B-8C73-E3C445F8B3F2}.Debug|x86.Deploy.0 = Debug|x86
		{C6E5B861-578E-486B-8C73-E3C445F8B3F2}.Release|Any CPU.ActiveCfg = Release|x86
		{C6E5B861-578E-486B-8C73-E3C445F8B3F2}.Release|ARM.ActiveCfg = Release|ARM
		{C6E5B861-578E-486B-8C73-E3C445F8B3F2}.Release|ARM.Build.0 = Release|ARM
		{C6E5B861-578E-486B-8C73-E3C445F8B3F2}.Release|ARM.Deploy.0 = Release|ARM
		{C6E5B861-578E-486B-8C73-E3C445F8B3F2}.Release|iPhone.ActiveCfg = Release|x86
		{C6E5B861-578E-486B-8C73-E3C445F8B3F2}.Release|iPhoneSimulator.ActiveCfg = Release|x86
		{C6E5B861-578E-486B-8C73-E3C445F8B3F2}.Release|x64.ActiveCfg = Release|x64
		{C6E5B861-578E-486B-8C73-E3C445F8B3F2}.Release|x64.Build.0 = Release|x64
		{C6E5B861-578E-486B-8C73-E3C445F8B3F2}.Release|x64.Deploy.0 = Release|x64
		{C6E5B861-578E-486B-8C73-E3C445F8B3F2}.Release|x86.ActiveCfg = Release|x86
		{C6E5B861-578E-486B-8C73-E3C445F8B3F2}.Release|x86.Build.0 = Release|x86
		{C6E5B861-578E-486B-8C73-E3C445F8B3F2}.Release|x86.Deploy.0 = Release|x86
	EndGlobalSection
	GlobalSection(SolutionProperties) = preSolution
		HideSolutionNode = FALSE
	EndGlobalSection
	GlobalSection(ExtensibilityGlobals) = postSolution
		SolutionGuid = {9F6082D6-17FC-4A17-B2FC-76CC5DC3643A}
	EndGlobalSection
EndGlobal
